
Microsoft Visual Studio Solution File, Format Version 12.00
# Visual Studio Version 16
VisualStudioVersion = 16.0.30907.101
MinimumVisualStudioVersion = 10.0.40219.1
Project("{9A19103F-16F7-4668-BE54-9A1E7A4F7556}") = "todoist red-gate", "todoist red-gate\todoist red-gate.csproj", "{0D516CE4-FC5B-4973-8E3B-28D3AED1A96A}"
EndProject
Project("{2150E333-8FDC-42A3-9474-1A3956D46DE8}") = "Solution Items", "Solution Items", "{2DB7AB7D-AF87-4F3F-A1E8-840B78FE35C8}"
	ProjectSection(SolutionItems) = preProject
		.gitignore = .gitignore
	EndProjectSection
EndProject
Global
	GlobalSection(SolutionConfigurationPlatforms) = preSolution
		Debug|Any CPU = Debug|Any CPU
		Release|Any CPU = Release|Any CPU
	EndGlobalSection
	GlobalSection(ProjectConfigurationPlatforms) = postSolution
		{0D516CE4-FC5B-4973-8E3B-28D3AED1A96A}.Debug|Any CPU.ActiveCfg = Debug|Any CPU
		{0D516CE4-FC5B-4973-8E3B-28D3AED1A96A}.Debug|Any CPU.Build.0 = Debug|Any CPU
		{0D516CE4-FC5B-4973-8E3B-28D3AED1A96A}.Release|Any CPU.ActiveCfg = Release|Any CPU
		{0D516CE4-FC5B-4973-8E3B-28D3AED1A96A}.Release|Any CPU.Build.0 = Release|Any CPU
	EndGlobalSection
	GlobalSection(SolutionProperties) = preSolution
		HideSolutionNode = FALSE
	EndGlobalSection
	GlobalSection(ExtensibilityGlobals) = postSolution
		SolutionGuid = {FACA0CEA-6FD2-4D41-A0F4-3598F15108AD}
	EndGlobalSection
EndGlobal
